
Microsoft Visual Studio Solution File, Format Version 12.00
# Visual Studio Version 16
VisualStudioVersion = 16.0.29409.12
MinimumVisualStudioVersion = 10.0.40219.1
Project("{2150E333-8FDC-42A3-9474-1A3956D46DE8}") = "samples", "samples", "{D40300B7-1803-48CB-8F7D-6A96AB75F666}"
EndProject
Project("{9A19103F-16F7-4668-BE54-9A1E7A4F7556}") = "AspNetCore2_2", "samples\AspNetCore2_2\AspNetCore2_2.csproj", "{E37688C1-EA48-4699-B26A-23378DF6F48C}"
EndProject
Project("{9A19103F-16F7-4668-BE54-9A1E7A4F7556}") = "AspNetCore3_0", "samples\AspNetCore3_0\AspNetCore3_0.csproj", "{91BDC246-99A7-46F1-9813-11F7C50A61D1}"
EndProject
Project("{9A19103F-16F7-4668-BE54-9A1E7A4F7556}") = "Panner.AspNetCore", "src\Panner.AspNetCore.csproj", "{C6C4138D-3AF0-4A51-A7C0-1742BA0D6442}"
EndProject
Project("{FAE04EC0-301F-11D3-BF4B-00C04F79EFBC}") = "Panner.AspNetCore.Tests", "tests\Panner.AspNetCore.Tests\Panner.AspNetCore.Tests.csproj", "{2FA57751-5D7A-430D-89F8-CB06B75937FA}"
EndProject
Global
	GlobalSection(SolutionConfigurationPlatforms) = preSolution
		Debug|Any CPU = Debug|Any CPU
		Release|Any CPU = Release|Any CPU
	EndGlobalSection
	GlobalSection(ProjectConfigurationPlatforms) = postSolution
		{E37688C1-EA48-4699-B26A-23378DF6F48C}.Debug|Any CPU.ActiveCfg = Debug|Any CPU
		{E37688C1-EA48-4699-B26A-23378DF6F48C}.Debug|Any CPU.Build.0 = Debug|Any CPU
		{E37688C1-EA48-4699-B26A-23378DF6F48C}.Release|Any CPU.ActiveCfg = Release|Any CPU
		{E37688C1-EA48-4699-B26A-23378DF6F48C}.Release|Any CPU.Build.0 = Release|Any CPU
		{91BDC246-99A7-46F1-9813-11F7C50A61D1}.Debug|Any CPU.ActiveCfg = Debug|Any CPU
		{91BDC246-99A7-46F1-9813-11F7C50A61D1}.Debug|Any CPU.Build.0 = Debug|Any CPU
		{91BDC246-99A7-46F1-9813-11F7C50A61D1}.Release|Any CPU.ActiveCfg = Release|Any CPU
		{91BDC246-99A7-46F1-9813-11F7C50A61D1}.Release|Any CPU.Build.0 = Release|Any CPU
		{C6C4138D-3AF0-4A51-A7C0-1742BA0D6442}.Debug|Any CPU.ActiveCfg = Debug|Any CPU
		{C6C4138D-3AF0-4A51-A7C0-1742BA0D6442}.Debug|Any CPU.Build.0 = Debug|Any CPU
		{C6C4138D-3AF0-4A51-A7C0-1742BA0D6442}.Release|Any CPU.ActiveCfg = Release|Any CPU
		{C6C4138D-3AF0-4A51-A7C0-1742BA0D6442}.Release|Any CPU.Build.0 = Release|Any CPU
		{2FA57751-5D7A-430D-89F8-CB06B75937FA}.Debug|Any CPU.ActiveCfg = Debug|Any CPU
		{2FA57751-5D7A-430D-89F8-CB06B75937FA}.Debug|Any CPU.Build.0 = Debug|Any CPU
		{2FA57751-5D7A-430D-89F8-CB06B75937FA}.Release|Any CPU.ActiveCfg = Release|Any CPU
		{2FA57751-5D7A-430D-89F8-CB06B75937FA}.Release|Any CPU.Build.0 = Release|Any CPU
	EndGlobalSection
	GlobalSection(SolutionProperties) = preSolution
		HideSolutionNode = FALSE
	EndGlobalSection
	GlobalSection(NestedProjects) = preSolution
		{E37688C1-EA48-4699-B26A-23378DF6F48C} = {D40300B7-1803-48CB-8F7D-6A96AB75F666}
		{91BDC246-99A7-46F1-9813-11F7C50A61D1} = {D40300B7-1803-48CB-8F7D-6A96AB75F666}
	EndGlobalSection
	GlobalSection(ExtensibilityGlobals) = postSolution
		SolutionGuid = {D12812E7-06E1-4FFB-A601-D656FE2A0075}
	EndGlobalSection
EndGlobal
